Microsoft Visual Studio Solution File, Format Version 11.00
# Visual Studio 2008

Project("{A27919EA-B471-7AFC-78A8-618E7DEB2E23}") = "ProjectForest", "Assembly-CSharp.csproj", "{C05A56F0-80F4-4505-0966-08C8D3DF0CB9}"
EndProject
Project("{A27919EA-B471-7AFC-78A8-618E7DEB2E23}") = "ProjectForest", "Assembly-UnityScript.unityproj", "{86FBDEE8-4497-75D3-5FDF-67FC61442476}"
EndProject
Global
	GlobalSection(SolutionConfigurationPlatforms) = preSolution
		Debug|Any CPU = Debug|Any CPU
		Release|Any CPU = Release|Any CPU
	EndGlobalSection
	GlobalSection(ProjectConfigurationPlatforms) = postSolution
		{C05A56F0-80F4-4505-0966-08C8D3DF0CB9}.Debug|Any CPU.ActiveCfg = Debug|Any CPU
		{C05A56F0-80F4-4505-0966-08C8D3DF0CB9}.Debug|Any CPU.Build.0 = Debug|Any CPU
		{C05A56F0-80F4-4505-0966-08C8D3DF0CB9}.Release|Any CPU.ActiveCfg = Release|Any CPU
		{C05A56F0-80F4-4505-0966-08C8D3DF0CB9}.Release|Any CPU.Build.0 = Release|Any CPU
		{86FBDEE8-4497-75D3-5FDF-67FC61442476}.Debug|Any CPU.ActiveCfg = Debug|Any CPU
		{86FBDEE8-4497-75D3-5FDF-67FC61442476}.Debug|Any CPU.Build.0 = Debug|Any CPU
		{86FBDEE8-4497-75D3-5FDF-67FC61442476}.Release|Any CPU.ActiveCfg = Release|Any CPU
		{86FBDEE8-4497-75D3-5FDF-67FC61442476}.Release|Any CPU.Build.0 = Release|Any CPU
	EndGlobalSection
	GlobalSection(SolutionProperties) = preSolution
		HideSolutionNode = FALSE
	EndGlobalSection
																									GlobalSection(MonoDevelopProperties) = preSolution
		StartupItem = Assembly-CSharp.csproj
		Policies = $0
		$0.TextStylePolicy = $1
		$1.inheritsSet = null
		$1.scope = text/x-csharp
		$0.CSharpFormattingPolicy = $2
		$2.inheritsSet = Mono
		$2.inheritsScope = text/x-csharp
		$2.scope = text/x-csharp
		$0.TextStylePolicy = $3
		$3.FileWidth = 120
		$3.TabWidth = 4
		$3.EolMarker = Unix
		$3.inheritsSet = Mono
		$3.inheritsScope = text/plain
		$3.scope = text/plain
	EndGlobalSection

EndGlobal
